
Microsoft Visual Studio Solution File, Format Version 12.00
# Visual Studio 2012
Project("{FAE04EC0-301F-11D3-BF4B-00C04F79EFBC}") = "MythicHero", "MythicHero\MythicHero\MythicHero.csproj", "{2C1220BA-7650-4976-B11B-5D1F8907805E}"
EndProject
Project("{FAE04EC0-301F-11D3-BF4B-00C04F79EFBC}") = "MythicHeroContent", "MythicHero\MythicHeroContent\MythicHeroContent.contentproj", "{39491FA9-9199-46C2-8E39-21F8273F01AB}"
EndProject
Project("{2150E333-8FDC-42A3-9474-1A3956D46DE8}") = "Tools", "Tools", "{3DFB16C3-D7C1-4C3E-B179-1AD6E0A99767}"
EndProject
Project("{FAE04EC0-301F-11D3-BF4B-00C04F79EFBC}") = "MapBuilder", "MapBuilder\MapBuilder.csproj", "{AF7E192A-E31B-4300-93BA-119815C253DD}"
EndProject
Global
	GlobalSection(SolutionConfigurationPlatforms) = preSolution
		Debug|Any CPU = Debug|Any CPU
		Debug|Mixed Platforms = Debug|Mixed Platforms
		Debug|x86 = Debug|x86
		Release|Any CPU = Release|Any CPU
		Release|Mixed Platforms = Release|Mixed Platforms
		Release|x86 = Release|x86
	EndGlobalSection
	GlobalSection(ProjectConfigurationPlatforms) = postSolution
		{2C1220BA-7650-4976-B11B-5D1F8907805E}.Debug|Any CPU.ActiveCfg = Debug|x86
		{2C1220BA-7650-4976-B11B-5D1F8907805E}.Debug|Mixed Platforms.ActiveCfg = Debug|x86
		{2C1220BA-7650-4976-B11B-5D1F8907805E}.Debug|Mixed Platforms.Build.0 = Debug|x86
		{2C1220BA-7650-4976-B11B-5D1F8907805E}.Debug|x86.ActiveCfg = Debug|x86
		{2C1220BA-7650-4976-B11B-5D1F8907805E}.Debug|x86.Build.0 = Debug|x86
		{2C1220BA-7650-4976-B11B-5D1F8907805E}.Release|Any CPU.ActiveCfg = Release|x86
		{2C1220BA-7650-4976-B11B-5D1F8907805E}.Release|Mixed Platforms.ActiveCfg = Release|x86
		{2C1220BA-7650-4976-B11B-5D1F8907805E}.Release|Mixed Platforms.Build.0 = Release|x86
		{2C1220BA-7650-4976-B11B-5D1F8907805E}.Release|x86.ActiveCfg = Release|x86
		{2C1220BA-7650-4976-B11B-5D1F8907805E}.Release|x86.Build.0 = Release|x86
		{39491FA9-9199-46C2-8E39-21F8273F01AB}.Debug|Any CPU.ActiveCfg = Debug|x86
		{39491FA9-9199-46C2-8E39-21F8273F01AB}.Debug|Mixed Platforms.ActiveCfg = Debug|x86
		{39491FA9-9199-46C2-8E39-21F8273F01AB}.Debug|x86.ActiveCfg = Debug|x86
		{39491FA9-9199-46C2-8E39-21F8273F01AB}.Release|Any CPU.ActiveCfg = Release|x86
		{39491FA9-9199-46C2-8E39-21F8273F01AB}.Release|Mixed Platforms.ActiveCfg = Release|x86
		{39491FA9-9199-46C2-8E39-21F8273F01AB}.Release|x86.ActiveCfg = Release|x86
		{AF7E192A-E31B-4300-93BA-119815C253DD}.Debug|Any CPU.ActiveCfg = Debug|Any CPU
		{AF7E192A-E31B-4300-93BA-119815C253DD}.Debug|Any CPU.Build.0 = Debug|Any CPU
		{AF7E192A-E31B-4300-93BA-119815C253DD}.Debug|Mixed Platforms.ActiveCfg = Debug|Any CPU
		{AF7E192A-E31B-4300-93BA-119815C253DD}.Debug|Mixed Platforms.Build.0 = Debug|Any CPU
		{AF7E192A-E31B-4300-93BA-119815C253DD}.Debug|x86.ActiveCfg = Debug|Any CPU
		{AF7E192A-E31B-4300-93BA-119815C253DD}.Release|Any CPU.ActiveCfg = Release|Any CPU
		{AF7E192A-E31B-4300-93BA-119815C253DD}.Release|Any CPU.Build.0 = Release|Any CPU
		{AF7E192A-E31B-4300-93BA-119815C253DD}.Release|Mixed Platforms.ActiveCfg = Release|Any CPU
		{AF7E192A-E31B-4300-93BA-119815C253DD}.Release|Mixed Platforms.Build.0 = Release|Any CPU
		{AF7E192A-E31B-4300-93BA-119815C253DD}.Release|x86.ActiveCfg = Release|Any CPU
	EndGlobalSection
	GlobalSection(SolutionProperties) = preSolution
		HideSolutionNode = FALSE
	EndGlobalSection
	GlobalSection(NestedProjects) = preSolution
		{AF7E192A-E31B-4300-93BA-119815C253DD} = {3DFB16C3-D7C1-4C3E-B179-1AD6E0A99767}
	EndGlobalSection
EndGlobal
